
Microsoft Visual Studio Solution File, Format Version 12.00
# Visual Studio Version 17
VisualStudioVersion = 17.4.33403.182
MinimumVisualStudioVersion = 10.0.40219.1
Project("{FAE04EC0-301F-11D3-BF4B-00C04F79EFBC}") = "Unit13", "Unit13\Unit13.csproj", "{E2A10F18-D4D7-422E-980A-C11F8923B302}"
EndProject
Global
	GlobalSection(SolutionConfigurationPlatforms) = preSolution
		Debug|Any CPU = Debug|Any CPU
		Release|Any CPU = Release|Any CPU
	EndGlobalSection
	GlobalSection(ProjectConfigurationPlatforms) = postSolution
		{E2A10F18-D4D7-422E-980A-C11F8923B302}.Debug|Any CPU.ActiveCfg = Debug|Any CPU
		{E2A10F18-D4D7-422E-980A-C11F8923B302}.Debug|Any CPU.Build.0 = Debug|Any CPU
		{E2A10F18-D4D7-422E-980A-C11F8923B302}.Release|Any CPU.ActiveCfg = Release|Any CPU
		{E2A10F18-D4D7-422E-980A-C11F8923B302}.Release|Any CPU.Build.0 = Release|Any CPU
	EndGlobalSection
	GlobalSection(SolutionProperties) = preSolution
		HideSolutionNode = FALSE
	EndGlobalSection
	GlobalSection(ExtensibilityGlobals) = postSolution
		SolutionGuid = {7682E713-F238-4877-B9BF-38A7ED3CD329}
	EndGlobalSection
EndGlobal
